
Microsoft Visual Studio Solution File, Format Version 12.00
# Visual Studio Version 16
VisualStudioVersion = 16.0.30204.135
MinimumVisualStudioVersion = 10.0.40219.1
Project("{FAE04EC0-301F-11D3-BF4B-00C04F79EFBC}") = "imgdanke", "imgdanke\imgdanke.csproj", "{F5E87AB3-DC56-415A-A90E-319046B9F3FD}"
EndProject
Global
	GlobalSection(SolutionConfigurationPlatforms) = preSolution
		Debug|x64 = Debug|x64
		Release|x64 = Release|x64
	EndGlobalSection
	GlobalSection(ProjectConfigurationPlatforms) = postSolution
		{F5E87AB3-DC56-415A-A90E-319046B9F3FD}.Debug|x64.ActiveCfg = Debug|x64
		{F5E87AB3-DC56-415A-A90E-319046B9F3FD}.Debug|x64.Build.0 = Debug|x64
		{F5E87AB3-DC56-415A-A90E-319046B9F3FD}.Release|x64.ActiveCfg = Release|x64
		{F5E87AB3-DC56-415A-A90E-319046B9F3FD}.Release|x64.Build.0 = Release|x64
	EndGlobalSection
	GlobalSection(SolutionProperties) = preSolution
		HideSolutionNode = FALSE
	EndGlobalSection
	GlobalSection(ExtensibilityGlobals) = postSolution
		SolutionGuid = {15832245-F49F-4D60-A9C4-73B685FB58D4}
	EndGlobalSection
EndGlobal
